// !$*UTF8*$!
{
	archiveVersion = 1;
	classes = {
	};
	objectVersion = 51;
	objects = {

/* Begin PBXBuildFile section */
		0E160CD523AA51E6000CA518 /* LoginViewController.swift in Sources */ = {isa = PBXBuildFile; fileRef = 0E160CD423AA51E6000CA518 /* LoginViewController.swift */; };
		0E160CD823ABED80000CA518 /* UITextField+.swift in Sources */ = {isa = PBXBuildFile; fileRef = 0E160CD723ABED80000CA518 /* UITextField+.swift */; };
		0E3272912389BDE000EF36B4 /* DateFormatter+.swift in Sources */ = {isa = PBXBuildFile; fileRef = 0E32728F2389BDE000EF36B4 /* DateFormatter+.swift */; };
		0E3272922389BDE000EF36B4 /* UIColor+Resource.swift in Sources */ = {isa = PBXBuildFile; fileRef = 0E3272902389BDE000EF36B4 /* UIColor+Resource.swift */; };
		0E3272962389C37300EF36B4 /* FortuneDetailViewController.swift in Sources */ = {isa = PBXBuildFile; fileRef = 0E3272952389C37300EF36B4 /* FortuneDetailViewController.swift */; };
		0E7960CF23EEAD4B008446CB /* API.swift in Sources */ = {isa = PBXBuildFile; fileRef = 0E7960CE23EEAD4B008446CB /* API.swift */; };
		0E7960F023EEAE58008446CB /* LocalTime.swift in Sources */ = {isa = PBXBuildFile; fileRef = 0E7960D423EEADFE008446CB /* LocalTime.swift */; };
		0E7960F123EEAE58008446CB /* ResHoroscopeDto.swift in Sources */ = {isa = PBXBuildFile; fileRef = 0E7960D623EEADFE008446CB /* ResHoroscopeDto.swift */; };
		0E7960F223EEAE58008446CB /* ResSimpleDiaryDto.swift in Sources */ = {isa = PBXBuildFile; fileRef = 0E7960D723EEADFE008446CB /* ResSimpleDiaryDto.swift */; };
		0E7960F323EEAE58008446CB /* ResUserInfoDto.swift in Sources */ = {isa = PBXBuildFile; fileRef = 0E7960D823EEADFE008446CB /* ResUserInfoDto.swift */; };
		0E7960F423EEAE58008446CB /* ResDailyQuestionDto.swift in Sources */ = {isa = PBXBuildFile; fileRef = 0E7960D923EEADFE008446CB /* ResDailyQuestionDto.swift */; };
		0E7960F523EEAE58008446CB /* ResDiariesDto.swift in Sources */ = {isa = PBXBuildFile; fileRef = 0E7960DA23EEADFE008446CB /* ResDiariesDto.swift */; };
		0E7960F623EEAE58008446CB /* ResTokenDto.swift in Sources */ = {isa = PBXBuildFile; fileRef = 0E7960DB23EEADFE008446CB /* ResTokenDto.swift */; };
		0E7960F723EEAE58008446CB /* ResDiaryDto.swift in Sources */ = {isa = PBXBuildFile; fileRef = 0E7960DC23EEADFE008446CB /* ResDiaryDto.swift */; };
		0E7960F823EEAE58008446CB /* ResUserDto.swift in Sources */ = {isa = PBXBuildFile; fileRef = 0E7960DD23EEADFE008446CB /* ResUserDto.swift */; };
		0E7960F923EEAE58008446CB /* ResAuthenticationTokenDto.swift in Sources */ = {isa = PBXBuildFile; fileRef = 0E7960DE23EEADFE008446CB /* ResAuthenticationTokenDto.swift */; };
		0E7960FA23EEAE58008446CB /* ResCheckUserDto.swift in Sources */ = {isa = PBXBuildFile; fileRef = 0E7960DF23EEADFE008446CB /* ResCheckUserDto.swift */; };
		0E7960FB23EEAE58008446CB /* ResUserIdDto.swift in Sources */ = {isa = PBXBuildFile; fileRef = 0E7960E023EEADFE008446CB /* ResUserIdDto.swift */; };
		0E7960FC23EEAE58008446CB /* ReqModifyHoroscopeTimeDto.swift in Sources */ = {isa = PBXBuildFile; fileRef = 0E7960E223EEADFE008446CB /* ReqModifyHoroscopeTimeDto.swift */; };
		0E7960FD23EEAE58008446CB /* ReqModifyHoroscopeAlarmDto.swift in Sources */ = {isa = PBXBuildFile; fileRef = 0E7960E323EEADFE008446CB /* ReqModifyHoroscopeAlarmDto.swift */; };
		0E7960FE23EEAE58008446CB /* ReqValidationSignUpNumberDto.swift in Sources */ = {isa = PBXBuildFile; fileRef = 0E7960E423EEADFE008446CB /* ReqValidationSignUpNumberDto.swift */; };
		0E7960FF23EEAE58008446CB /* ReqModifyQuestionTimeDto.swift in Sources */ = {isa = PBXBuildFile; fileRef = 0E7960E523EEADFE008446CB /* ReqModifyQuestionTimeDto.swift */; };
		0E79610023EEAE58008446CB /* ReqSignInDto.swift in Sources */ = {isa = PBXBuildFile; fileRef = 0E7960E623EEADFE008446CB /* ReqSignInDto.swift */; };
		0E79610123EEAE58008446CB /* ReqFindPasswordNumberDto.swift in Sources */ = {isa = PBXBuildFile; fileRef = 0E7960E723EEADFE008446CB /* ReqFindPasswordNumberDto.swift */; };
		0E79610223EEAE58008446CB /* ReqModifyConstellationDto.swift in Sources */ = {isa = PBXBuildFile; fileRef = 0E7960E823EEADFE008446CB /* ReqModifyConstellationDto.swift */; };
		0E79610323EEAE58008446CB /* ReqSignUpNumberDto.swift in Sources */ = {isa = PBXBuildFile; fileRef = 0E7960E923EEADFE008446CB /* ReqSignUpNumberDto.swift */; };
		0E79610423EEAE58008446CB /* ReqValidationFindPasswordNumberDto.swift in Sources */ = {isa = PBXBuildFile; fileRef = 0E7960EA23EEADFE008446CB /* ReqValidationFindPasswordNumberDto.swift */; };
		0E79610523EEAE58008446CB /* ReqSignUpDto.swift in Sources */ = {isa = PBXBuildFile; fileRef = 0E7960EB23EEADFE008446CB /* ReqSignUpDto.swift */; };
		0E79610623EEAE58008446CB /* ReqModifyPasswordDto.swift in Sources */ = {isa = PBXBuildFile; fileRef = 0E7960EC23EEADFE008446CB /* ReqModifyPasswordDto.swift */; };
		0E79610723EEAE58008446CB /* ReqModifyQuestionAlarmDto.swift in Sources */ = {isa = PBXBuildFile; fileRef = 0E7960ED23EEADFE008446CB /* ReqModifyQuestionAlarmDto.swift */; };
		0E79610823EEAE58008446CB /* ReqModifyDiaryDto.swift in Sources */ = {isa = PBXBuildFile; fileRef = 0E7960EE23EEADFE008446CB /* ReqModifyDiaryDto.swift */; };
		0E79610923EEAE58008446CB /* ReqWriteDiaryDto.swift in Sources */ = {isa = PBXBuildFile; fileRef = 0E7960EF23EEADFE008446CB /* ReqWriteDiaryDto.swift */; };
		0E79610C23EEB577008446CB /* AuthenticatedAPI.swift in Sources */ = {isa = PBXBuildFile; fileRef = 0E79610B23EEB577008446CB /* AuthenticatedAPI.swift */; };
		0E79610E23EF2103008446CB /* String+.swift in Sources */ = {isa = PBXBuildFile; fileRef = 0E79610D23EF2103008446CB /* String+.swift */; };
		0EDB40F023CA54350020B0EF /* Constellation.swift in Sources */ = {isa = PBXBuildFile; fileRef = 0EDB40EF23CA54350020B0EF /* Constellation.swift */; };
		0EDB40F223CA54830020B0EF /* ConstellationSelectionViewController.swift in Sources */ = {isa = PBXBuildFile; fileRef = 0EDB40F123CA54830020B0EF /* ConstellationSelectionViewController.swift */; };
		0EDB40F523CA56140020B0EF /* Reusable.swift in Sources */ = {isa = PBXBuildFile; fileRef = 0EDB40F423CA56140020B0EF /* Reusable.swift */; };
		0EDB40F723CA568C0020B0EF /* UICollectionView+.swift in Sources */ = {isa = PBXBuildFile; fileRef = 0EDB40F623CA568C0020B0EF /* UICollectionView+.swift */; };
		0EDB40FA23CA5D210020B0EF /* ConstellationCell.swift in Sources */ = {isa = PBXBuildFile; fileRef = 0EDB40F923CA5D210020B0EF /* ConstellationCell.swift */; };
		0EDB41AA23CE25EE0020B0EF /* VarifyEmailViewController.swift in Sources */ = {isa = PBXBuildFile; fileRef = 0EDB41A923CE25EE0020B0EF /* VarifyEmailViewController.swift */; };
		0EDB41AC23CE2C1D0020B0EF /* InputFormView.swift in Sources */ = {isa = PBXBuildFile; fileRef = 0EDB41AB23CE2C1D0020B0EF /* InputFormView.swift */; };
		0EDB41AF23CE79240020B0EF /* SignUpViewController.swift in Sources */ = {isa = PBXBuildFile; fileRef = 0EDB41AE23CE79240020B0EF /* SignUpViewController.swift */; };
		0EEB411623E45962000AE851 /* UIView+.swift in Sources */ = {isa = PBXBuildFile; fileRef = 0EEB411523E45961000AE851 /* UIView+.swift */; };

		0EEB412B23E481BB000AE851 /* FindIDViewController.swift in Sources */ = {isa = PBXBuildFile; fileRef = 0EEB412A23E481BB000AE851 /* FindIDViewController.swift */; };

		9CF049FC23A918B400A85BEC /* SideMenuViewController.swift in Sources */ = {isa = PBXBuildFile; fileRef = 9CF049FA23A918B400A85BEC /* SideMenuViewController.swift */; };
		9CF049FD23A918B400A85BEC /* SideMenuViewController.xib in Resources */ = {isa = PBXBuildFile; fileRef = 9CF049FB23A918B400A85BEC /* SideMenuViewController.xib */; };
		9CF04A0023A92F5D00A85BEC /* SettingsViewController.swift in Sources */ = {isa = PBXBuildFile; fileRef = 9CF049FE23A92F5D00A85BEC /* SettingsViewController.swift */; };
		ADCC22B4D25855423D8EE10D /* Pods_StarStarDiary.framework in Frameworks */ = {isa = PBXBuildFile; fileRef = A57C3B489FC848FFBB6107E7 /* Pods_StarStarDiary.framework */; };
		D544F2862389672C009B3967 /* MainViewController.swift in Sources */ = {isa = PBXBuildFile; fileRef = D544F2852389672C009B3967 /* MainViewController.swift */; };
		D544F28A23898405009B3967 /* DateFormatter+.swift in Sources */ = {isa = PBXBuildFile; fileRef = D544F28923898405009B3967 /* DateFormatter+.swift */; };
		D54F6CEE23BB5353001DA319 /* DiaryTableViewCell.swift in Sources */ = {isa = PBXBuildFile; fileRef = D54F6CED23BB5353001DA319 /* DiaryTableViewCell.swift */; };
		D54F6CF023BB53D4001DA319 /* Diary.swift in Sources */ = {isa = PBXBuildFile; fileRef = D54F6CEF23BB53D4001DA319 /* Diary.swift */; };
		D54F6CF523BB5DE2001DA319 /* Sample.json in Resources */ = {isa = PBXBuildFile; fileRef = D54F6CF423BB5DE2001DA319 /* Sample.json */; };
		D54F6CF723BB60D4001DA319 /* Date+.swift in Sources */ = {isa = PBXBuildFile; fileRef = D54F6CF623BB60D4001DA319 /* Date+.swift */; };
		D54F6CFB23BB7499001DA319 /* DiaryTableHeaderView.swift in Sources */ = {isa = PBXBuildFile; fileRef = D54F6CFA23BB7499001DA319 /* DiaryTableHeaderView.swift */; };
		D54F6CFD23DC7EA4001DA319 /* FortuneHeaderView.swift in Sources */ = {isa = PBXBuildFile; fileRef = D54F6CFC23DC7EA4001DA319 /* FortuneHeaderView.swift */; };
		D54F6CFF23DC824A001DA319 /* FortuneItem.swift in Sources */ = {isa = PBXBuildFile; fileRef = D54F6CFE23DC824A001DA319 /* FortuneItem.swift */; };
		D54F6D0123DC95E5001DA319 /* FortuneItemView.swift in Sources */ = {isa = PBXBuildFile; fileRef = D54F6D0023DC95E5001DA319 /* FortuneItemView.swift */; };
		D54F6D0823E46339001DA319 /* UIFont+.swift in Sources */ = {isa = PBXBuildFile; fileRef = D54F6D0723E46339001DA319 /* UIFont+.swift */; };
		D54F6D0D23E46475001DA319 /* NotoSansCJKkr-Medium.otf in Resources */ = {isa = PBXBuildFile; fileRef = D54F6D0A23E46473001DA319 /* NotoSansCJKkr-Medium.otf */; };
		D54F6D0E23E46475001DA319 /* NotoSansCJKkr-Bold.otf in Resources */ = {isa = PBXBuildFile; fileRef = D54F6D0B23E46474001DA319 /* NotoSansCJKkr-Bold.otf */; };
		D54F6D0F23E46475001DA319 /* NotoSansCJKkr-Regular.otf in Resources */ = {isa = PBXBuildFile; fileRef = D54F6D0C23E46475001DA319 /* NotoSansCJKkr-Regular.otf */; };
		D5847DF223E56C8500D8BA8E /* KoreanYMJ-E.otf in Resources */ = {isa = PBXBuildFile; fileRef = D5847DEE23E56C8400D8BA8E /* KoreanYMJ-E.otf */; };
		D5847DF323E56C8500D8BA8E /* KoreanYMJ-M.otf in Resources */ = {isa = PBXBuildFile; fileRef = D5847DEF23E56C8500D8BA8E /* KoreanYMJ-M.otf */; };
		D5847DF423E56C8500D8BA8E /* KoreanYMJ-B.otf in Resources */ = {isa = PBXBuildFile; fileRef = D5847DF023E56C8500D8BA8E /* KoreanYMJ-B.otf */; };
		D5847DF523E56C8500D8BA8E /* KoreanYMJ-L.otf in Resources */ = {isa = PBXBuildFile; fileRef = D5847DF123E56C8500D8BA8E /* KoreanYMJ-L.otf */; };
		D5847DF923F0104300D8BA8E /* ConstellationSelectionViewFlowLayout.swift in Sources */ = {isa = PBXBuildFile; fileRef = D5847DF823F0104300D8BA8E /* ConstellationSelectionViewFlowLayout.swift */; };
		D5D0F67023890DC500DA3169 /* AppDelegate.swift in Sources */ = {isa = PBXBuildFile; fileRef = D5D0F66F23890DC500DA3169 /* AppDelegate.swift */; };
		D5D0F67223890DC500DA3169 /* ViewController.swift in Sources */ = {isa = PBXBuildFile; fileRef = D5D0F67123890DC500DA3169 /* ViewController.swift */; };
		D5D0F67523890DC500DA3169 /* Main.storyboard in Resources */ = {isa = PBXBuildFile; fileRef = D5D0F67323890DC500DA3169 /* Main.storyboard */; };
		D5D0F67823890DC500DA3169 /* StarStarDiary.xcdatamodeld in Sources */ = {isa = PBXBuildFile; fileRef = D5D0F67623890DC500DA3169 /* StarStarDiary.xcdatamodeld */; };
		D5D0F67A23890DC600DA3169 /* Assets.xcassets in Resources */ = {isa = PBXBuildFile; fileRef = D5D0F67923890DC600DA3169 /* Assets.xcassets */; };
		D5D0F67D23890DC600DA3169 /* LaunchScreen.storyboard in Resources */ = {isa = PBXBuildFile; fileRef = D5D0F67B23890DC600DA3169 /* LaunchScreen.storyboard */; };
		D5F23D2D23AA9D45002F8127 /* UserDefaults+.swift in Sources */ = {isa = PBXBuildFile; fileRef = D5F23D2C23AA9D45002F8127 /* UserDefaults+.swift */; };
		D5F23D2F23AA9E4C002F8127 /* OnBoardingViewController.swift in Sources */ = {isa = PBXBuildFile; fileRef = D5F23D2E23AA9E4C002F8127 /* OnBoardingViewController.swift */; };
		DB09E1722389A4B400760C86 /* BaseNavigationView.swift in Sources */ = {isa = PBXBuildFile; fileRef = DB09E1712389A4B400760C86 /* BaseNavigationView.swift */; };
		DB9EA41523AE90A000F4488D /* DiaryListViewController.swift in Sources */ = {isa = PBXBuildFile; fileRef = DB9EA41423AE90A000F4488D /* DiaryListViewController.swift */; };
		DBAF024023AE2B480044E2DD /* Bundle+appVersion.swift in Sources */ = {isa = PBXBuildFile; fileRef = DBAF023F23AE2B480044E2DD /* Bundle+appVersion.swift */; };
		DBAF024223AE2C9B0044E2DD /* SettingsViewController+cell.swift in Sources */ = {isa = PBXBuildFile; fileRef = DBAF024123AE2C9B0044E2DD /* SettingsViewController+cell.swift */; };
		DBAF024523AE32940044E2DD /* BaseTableViewCell.swift in Sources */ = {isa = PBXBuildFile; fileRef = DBAF024323AE32940044E2DD /* BaseTableViewCell.swift */; };
		DBAF024823AE57B80044E2DD /* BaseTableViewHeaderFooterView.swift in Sources */ = {isa = PBXBuildFile; fileRef = DBAF024723AE57B80044E2DD /* BaseTableViewHeaderFooterView.swift */; };
		DBF122F02389673300EFE5B2 /* WriteViewController.swift in Sources */ = {isa = PBXBuildFile; fileRef = DBF122EF2389673300EFE5B2 /* WriteViewController.swift */; };
		DBF6324F23EDD77E006E60FF /* GoogleService-Info.plist in Resources */ = {isa = PBXBuildFile; fileRef = DBF6324E23EDD77E006E60FF /* GoogleService-Info.plist */; };
/* End PBXBuildFile section */

/* Begin PBXFileReference section */
		0E160CD423AA51E6000CA518 /* LoginViewController.swift */ = {isa = PBXFileReference; lastKnownFileType = sourcecode.swift; path = LoginViewController.swift; sourceTree = "<group>"; };
		0E160CD723ABED80000CA518 /* UITextField+.swift */ = {isa = PBXFileReference; lastKnownFileType = sourcecode.swift; path = "UITextField+.swift"; sourceTree = "<group>"; };
		0E32728F2389BDE000EF36B4 /* DateFormatter+.swift */ = {isa = PBXFileReference; fileEncoding = 4; lastKnownFileType = sourcecode.swift; path = "DateFormatter+.swift"; sourceTree = "<group>"; };
		0E3272902389BDE000EF36B4 /* UIColor+Resource.swift */ = {isa = PBXFileReference; fileEncoding = 4; lastKnownFileType = sourcecode.swift; path = "UIColor+Resource.swift"; sourceTree = "<group>"; };
		0E3272952389C37300EF36B4 /* FortuneDetailViewController.swift */ = {isa = PBXFileReference; fileEncoding = 4; lastKnownFileType = sourcecode.swift; path = FortuneDetailViewController.swift; sourceTree = "<group>"; };
		0E7960CE23EEAD4B008446CB /* API.swift */ = {isa = PBXFileReference; lastKnownFileType = sourcecode.swift; path = API.swift; sourceTree = "<group>"; };
		0E7960D423EEADFE008446CB /* LocalTime.swift */ = {isa = PBXFileReference; lastKnownFileType = sourcecode.swift; path = LocalTime.swift; sourceTree = "<group>"; };
		0E7960D623EEADFE008446CB /* ResHoroscopeDto.swift */ = {isa = PBXFileReference; lastKnownFileType = sourcecode.swift; path = ResHoroscopeDto.swift; sourceTree = "<group>"; };
		0E7960D723EEADFE008446CB /* ResSimpleDiaryDto.swift */ = {isa = PBXFileReference; lastKnownFileType = sourcecode.swift; path = ResSimpleDiaryDto.swift; sourceTree = "<group>"; };
		0E7960D823EEADFE008446CB /* ResUserInfoDto.swift */ = {isa = PBXFileReference; lastKnownFileType = sourcecode.swift; path = ResUserInfoDto.swift; sourceTree = "<group>"; };
		0E7960D923EEADFE008446CB /* ResDailyQuestionDto.swift */ = {isa = PBXFileReference; lastKnownFileType = sourcecode.swift; path = ResDailyQuestionDto.swift; sourceTree = "<group>"; };
		0E7960DA23EEADFE008446CB /* ResDiariesDto.swift */ = {isa = PBXFileReference; lastKnownFileType = sourcecode.swift; path = ResDiariesDto.swift; sourceTree = "<group>"; };
		0E7960DB23EEADFE008446CB /* ResTokenDto.swift */ = {isa = PBXFileReference; lastKnownFileType = sourcecode.swift; path = ResTokenDto.swift; sourceTree = "<group>"; };
		0E7960DC23EEADFE008446CB /* ResDiaryDto.swift */ = {isa = PBXFileReference; lastKnownFileType = sourcecode.swift; path = ResDiaryDto.swift; sourceTree = "<group>"; };
		0E7960DD23EEADFE008446CB /* ResUserDto.swift */ = {isa = PBXFileReference; lastKnownFileType = sourcecode.swift; path = ResUserDto.swift; sourceTree = "<group>"; };
		0E7960DE23EEADFE008446CB /* ResAuthenticationTokenDto.swift */ = {isa = PBXFileReference; lastKnownFileType = sourcecode.swift; path = ResAuthenticationTokenDto.swift; sourceTree = "<group>"; };
		0E7960DF23EEADFE008446CB /* ResCheckUserDto.swift */ = {isa = PBXFileReference; lastKnownFileType = sourcecode.swift; path = ResCheckUserDto.swift; sourceTree = "<group>"; };
		0E7960E023EEADFE008446CB /* ResUserIdDto.swift */ = {isa = PBXFileReference; lastKnownFileType = sourcecode.swift; path = ResUserIdDto.swift; sourceTree = "<group>"; };
		0E7960E223EEADFE008446CB /* ReqModifyHoroscopeTimeDto.swift */ = {isa = PBXFileReference; lastKnownFileType = sourcecode.swift; path = ReqModifyHoroscopeTimeDto.swift; sourceTree = "<group>"; };
		0E7960E323EEADFE008446CB /* ReqModifyHoroscopeAlarmDto.swift */ = {isa = PBXFileReference; lastKnownFileType = sourcecode.swift; path = ReqModifyHoroscopeAlarmDto.swift; sourceTree = "<group>"; };
		0E7960E423EEADFE008446CB /* ReqValidationSignUpNumberDto.swift */ = {isa = PBXFileReference; lastKnownFileType = sourcecode.swift; path = ReqValidationSignUpNumberDto.swift; sourceTree = "<group>"; };
		0E7960E523EEADFE008446CB /* ReqModifyQuestionTimeDto.swift */ = {isa = PBXFileReference; lastKnownFileType = sourcecode.swift; path = ReqModifyQuestionTimeDto.swift; sourceTree = "<group>"; };
		0E7960E623EEADFE008446CB /* ReqSignInDto.swift */ = {isa = PBXFileReference; lastKnownFileType = sourcecode.swift; path = ReqSignInDto.swift; sourceTree = "<group>"; };
		0E7960E723EEADFE008446CB /* ReqFindPasswordNumberDto.swift */ = {isa = PBXFileReference; lastKnownFileType = sourcecode.swift; path = ReqFindPasswordNumberDto.swift; sourceTree = "<group>"; };
		0E7960E823EEADFE008446CB /* ReqModifyConstellationDto.swift */ = {isa = PBXFileReference; lastKnownFileType = sourcecode.swift; path = ReqModifyConstellationDto.swift; sourceTree = "<group>"; };
		0E7960E923EEADFE008446CB /* ReqSignUpNumberDto.swift */ = {isa = PBXFileReference; lastKnownFileType = sourcecode.swift; path = ReqSignUpNumberDto.swift; sourceTree = "<group>"; };
		0E7960EA23EEADFE008446CB /* ReqValidationFindPasswordNumberDto.swift */ = {isa = PBXFileReference; lastKnownFileType = sourcecode.swift; path = ReqValidationFindPasswordNumberDto.swift; sourceTree = "<group>"; };
		0E7960EB23EEADFE008446CB /* ReqSignUpDto.swift */ = {isa = PBXFileReference; lastKnownFileType = sourcecode.swift; path = ReqSignUpDto.swift; sourceTree = "<group>"; };
		0E7960EC23EEADFE008446CB /* ReqModifyPasswordDto.swift */ = {isa = PBXFileReference; lastKnownFileType = sourcecode.swift; path = ReqModifyPasswordDto.swift; sourceTree = "<group>"; };
		0E7960ED23EEADFE008446CB /* ReqModifyQuestionAlarmDto.swift */ = {isa = PBXFileReference; lastKnownFileType = sourcecode.swift; path = ReqModifyQuestionAlarmDto.swift; sourceTree = "<group>"; };
		0E7960EE23EEADFE008446CB /* ReqModifyDiaryDto.swift */ = {isa = PBXFileReference; lastKnownFileType = sourcecode.swift; path = ReqModifyDiaryDto.swift; sourceTree = "<group>"; };
		0E7960EF23EEADFE008446CB /* ReqWriteDiaryDto.swift */ = {isa = PBXFileReference; lastKnownFileType = sourcecode.swift; path = ReqWriteDiaryDto.swift; sourceTree = "<group>"; };
		0E79610B23EEB577008446CB /* AuthenticatedAPI.swift */ = {isa = PBXFileReference; lastKnownFileType = sourcecode.swift; path = AuthenticatedAPI.swift; sourceTree = "<group>"; };
		0E79610D23EF2103008446CB /* String+.swift */ = {isa = PBXFileReference; lastKnownFileType = sourcecode.swift; path = "String+.swift"; sourceTree = "<group>"; };
		0EDB40EF23CA54350020B0EF /* Constellation.swift */ = {isa = PBXFileReference; lastKnownFileType = sourcecode.swift; path = Constellation.swift; sourceTree = "<group>"; };
		0EDB40F123CA54830020B0EF /* ConstellationSelectionViewController.swift */ = {isa = PBXFileReference; lastKnownFileType = sourcecode.swift; path = ConstellationSelectionViewController.swift; sourceTree = "<group>"; };
		0EDB40F423CA56140020B0EF /* Reusable.swift */ = {isa = PBXFileReference; lastKnownFileType = sourcecode.swift; path = Reusable.swift; sourceTree = "<group>"; };
		0EDB40F623CA568C0020B0EF /* UICollectionView+.swift */ = {isa = PBXFileReference; lastKnownFileType = sourcecode.swift; path = "UICollectionView+.swift"; sourceTree = "<group>"; };
		0EDB40F923CA5D210020B0EF /* ConstellationCell.swift */ = {isa = PBXFileReference; lastKnownFileType = sourcecode.swift; path = ConstellationCell.swift; sourceTree = "<group>"; };
		0EDB41A923CE25EE0020B0EF /* VarifyEmailViewController.swift */ = {isa = PBXFileReference; lastKnownFileType = sourcecode.swift; path = VarifyEmailViewController.swift; sourceTree = "<group>"; };
		0EDB41AB23CE2C1D0020B0EF /* InputFormView.swift */ = {isa = PBXFileReference; lastKnownFileType = sourcecode.swift; path = InputFormView.swift; sourceTree = "<group>"; };
		0EDB41AE23CE79240020B0EF /* SignUpViewController.swift */ = {isa = PBXFileReference; lastKnownFileType = sourcecode.swift; path = SignUpViewController.swift; sourceTree = "<group>"; };
		0EEB411523E45961000AE851 /* UIView+.swift */ = {isa = PBXFileReference; lastKnownFileType = sourcecode.swift; path = "UIView+.swift"; sourceTree = "<group>"; };

		0EEB412A23E481BB000AE851 /* FindIDViewController.swift */ = {isa = PBXFileReference; lastKnownFileType = sourcecode.swift; path = FindIDViewController.swift; sourceTree = "<group>"; };
		9CF049FA23A918B400A85BEC /* SideMenuViewController.swift */ = {isa = PBXFileReference; lastKnownFileType = sourcecode.swift; path = SideMenuViewController.swift; sourceTree = "<group>"; };
		9CF049FB23A918B400A85BEC /* SideMenuViewController.xib */ = {isa = PBXFileReference; lastKnownFileType = file.xib; path = SideMenuViewController.xib; sourceTree = "<group>"; };
		9CF049FE23A92F5D00A85BEC /* SettingsViewController.swift */ = {isa = PBXFileReference; lastKnownFileType = sourcecode.swift; path = SettingsViewController.swift; sourceTree = "<group>"; };
		A57C3B489FC848FFBB6107E7 /* Pods_StarStarDiary.framework */ = {isa = PBXFileReference; explicitFileType = wrapper.framework; includeInIndex = 0; path = Pods_StarStarDiary.framework; sourceTree = BUILT_PRODUCTS_DIR; };
		B52A4D106A7F14CB5BEAE593 /* Pods-StarStarDiary.release.xcconfig */ = {isa = PBXFileReference; includeInIndex = 1; lastKnownFileType = text.xcconfig; name = "Pods-StarStarDiary.release.xcconfig"; path = "Target Support Files/Pods-StarStarDiary/Pods-StarStarDiary.release.xcconfig"; sourceTree = "<group>"; };
		C374176DB79A9B002599C37A /* Pods-StarStarDiary.debug.xcconfig */ = {isa = PBXFileReference; includeInIndex = 1; lastKnownFileType = text.xcconfig; name = "Pods-StarStarDiary.debug.xcconfig"; path = "Target Support Files/Pods-StarStarDiary/Pods-StarStarDiary.debug.xcconfig"; sourceTree = "<group>"; };
		D544F2852389672C009B3967 /* MainViewController.swift */ = {isa = PBXFileReference; lastKnownFileType = sourcecode.swift; path = MainViewController.swift; sourceTree = "<group>"; };
		D544F28923898405009B3967 /* DateFormatter+.swift */ = {isa = PBXFileReference; lastKnownFileType = sourcecode.swift; name = "DateFormatter+.swift"; path = "StarStarDiary/Extensions/DateFormatter+.swift"; sourceTree = SOURCE_ROOT; };
		D54F6CED23BB5353001DA319 /* DiaryTableViewCell.swift */ = {isa = PBXFileReference; lastKnownFileType = sourcecode.swift; path = DiaryTableViewCell.swift; sourceTree = "<group>"; };
		D54F6CEF23BB53D4001DA319 /* Diary.swift */ = {isa = PBXFileReference; lastKnownFileType = sourcecode.swift; name = Diary.swift; path = StarStarDiary/Views/Diary.swift; sourceTree = SOURCE_ROOT; };
		D54F6CF423BB5DE2001DA319 /* Sample.json */ = {isa = PBXFileReference; lastKnownFileType = text.json; path = Sample.json; sourceTree = "<group>"; };
		D54F6CF623BB60D4001DA319 /* Date+.swift */ = {isa = PBXFileReference; lastKnownFileType = sourcecode.swift; path = "Date+.swift"; sourceTree = "<group>"; };
		D54F6CFA23BB7499001DA319 /* DiaryTableHeaderView.swift */ = {isa = PBXFileReference; lastKnownFileType = sourcecode.swift; path = DiaryTableHeaderView.swift; sourceTree = "<group>"; };
		D54F6CFC23DC7EA4001DA319 /* FortuneHeaderView.swift */ = {isa = PBXFileReference; lastKnownFileType = sourcecode.swift; path = FortuneHeaderView.swift; sourceTree = "<group>"; };
		D54F6CFE23DC824A001DA319 /* FortuneItem.swift */ = {isa = PBXFileReference; lastKnownFileType = sourcecode.swift; name = FortuneItem.swift; path = StarStarDiary/Views/FortuneItem.swift; sourceTree = SOURCE_ROOT; };
		D54F6D0023DC95E5001DA319 /* FortuneItemView.swift */ = {isa = PBXFileReference; lastKnownFileType = sourcecode.swift; path = FortuneItemView.swift; sourceTree = "<group>"; };
		D54F6D0723E46339001DA319 /* UIFont+.swift */ = {isa = PBXFileReference; lastKnownFileType = sourcecode.swift; path = "UIFont+.swift"; sourceTree = "<group>"; };
		D54F6D0A23E46473001DA319 /* NotoSansCJKkr-Medium.otf */ = {isa = PBXFileReference; lastKnownFileType = file; path = "NotoSansCJKkr-Medium.otf"; sourceTree = "<group>"; };
		D54F6D0B23E46474001DA319 /* NotoSansCJKkr-Bold.otf */ = {isa = PBXFileReference; lastKnownFileType = file; path = "NotoSansCJKkr-Bold.otf"; sourceTree = "<group>"; };
		D54F6D0C23E46475001DA319 /* NotoSansCJKkr-Regular.otf */ = {isa = PBXFileReference; lastKnownFileType = file; path = "NotoSansCJKkr-Regular.otf"; sourceTree = "<group>"; };
		D5847DEE23E56C8400D8BA8E /* KoreanYMJ-E.otf */ = {isa = PBXFileReference; lastKnownFileType = file; path = "KoreanYMJ-E.otf"; sourceTree = "<group>"; };
		D5847DEF23E56C8500D8BA8E /* KoreanYMJ-M.otf */ = {isa = PBXFileReference; lastKnownFileType = file; path = "KoreanYMJ-M.otf"; sourceTree = "<group>"; };
		D5847DF023E56C8500D8BA8E /* KoreanYMJ-B.otf */ = {isa = PBXFileReference; lastKnownFileType = file; path = "KoreanYMJ-B.otf"; sourceTree = "<group>"; };
		D5847DF123E56C8500D8BA8E /* KoreanYMJ-L.otf */ = {isa = PBXFileReference; lastKnownFileType = file; path = "KoreanYMJ-L.otf"; sourceTree = "<group>"; };
		D5847DF823F0104300D8BA8E /* ConstellationSelectionViewFlowLayout.swift */ = {isa = PBXFileReference; fileEncoding = 4; lastKnownFileType = sourcecode.swift; path = ConstellationSelectionViewFlowLayout.swift; sourceTree = "<group>"; };
		D5D0F66C23890DC500DA3169 /* StarStarDiary.app */ = {isa = PBXFileReference; explicitFileType = wrapper.application; includeInIndex = 0; path = StarStarDiary.app; sourceTree = BUILT_PRODUCTS_DIR; };
		D5D0F66F23890DC500DA3169 /* AppDelegate.swift */ = {isa = PBXFileReference; lastKnownFileType = sourcecode.swift; path = AppDelegate.swift; sourceTree = "<group>"; };
		D5D0F67123890DC500DA3169 /* ViewController.swift */ = {isa = PBXFileReference; lastKnownFileType = sourcecode.swift; path = ViewController.swift; sourceTree = "<group>"; };
		D5D0F67423890DC500DA3169 /* Base */ = {isa = PBXFileReference; lastKnownFileType = file.storyboard; name = Base; path = Base.lproj/Main.storyboard; sourceTree = "<group>"; };
		D5D0F67723890DC500DA3169 /* StarStarDiary.xcdatamodel */ = {isa = PBXFileReference; lastKnownFileType = wrapper.xcdatamodel; path = StarStarDiary.xcdatamodel; sourceTree = "<group>"; };
		D5D0F67923890DC600DA3169 /* Assets.xcassets */ = {isa = PBXFileReference; lastKnownFileType = folder.assetcatalog; path = Assets.xcassets; sourceTree = "<group>"; };
		D5D0F67C23890DC600DA3169 /* Base */ = {isa = PBXFileReference; lastKnownFileType = file.storyboard; name = Base; path = Base.lproj/LaunchScreen.storyboard; sourceTree = "<group>"; };
		D5D0F67E23890DC600DA3169 /* Info.plist */ = {isa = PBXFileReference; lastKnownFileType = text.plist.xml; path = Info.plist; sourceTree = "<group>"; };
		D5F23D2C23AA9D45002F8127 /* UserDefaults+.swift */ = {isa = PBXFileReference; lastKnownFileType = sourcecode.swift; path = "UserDefaults+.swift"; sourceTree = "<group>"; };
		D5F23D2E23AA9E4C002F8127 /* OnBoardingViewController.swift */ = {isa = PBXFileReference; lastKnownFileType = sourcecode.swift; path = OnBoardingViewController.swift; sourceTree = "<group>"; };
		DB09E1712389A4B400760C86 /* BaseNavigationView.swift */ = {isa = PBXFileReference; lastKnownFileType = sourcecode.swift; path = BaseNavigationView.swift; sourceTree = "<group>"; };
		DB9EA41423AE90A000F4488D /* DiaryListViewController.swift */ = {isa = PBXFileReference; lastKnownFileType = sourcecode.swift; path = DiaryListViewController.swift; sourceTree = "<group>"; };
		DBAF023F23AE2B480044E2DD /* Bundle+appVersion.swift */ = {isa = PBXFileReference; lastKnownFileType = sourcecode.swift; path = "Bundle+appVersion.swift"; sourceTree = "<group>"; };
		DBAF024123AE2C9B0044E2DD /* SettingsViewController+cell.swift */ = {isa = PBXFileReference; lastKnownFileType = sourcecode.swift; path = "SettingsViewController+cell.swift"; sourceTree = "<group>"; };
		DBAF024323AE32940044E2DD /* BaseTableViewCell.swift */ = {isa = PBXFileReference; lastKnownFileType = sourcecode.swift; path = BaseTableViewCell.swift; sourceTree = "<group>"; };
		DBAF024723AE57B80044E2DD /* BaseTableViewHeaderFooterView.swift */ = {isa = PBXFileReference; lastKnownFileType = sourcecode.swift; path = BaseTableViewHeaderFooterView.swift; sourceTree = "<group>"; };
		DBF122EF2389673300EFE5B2 /* WriteViewController.swift */ = {isa = PBXFileReference; lastKnownFileType = sourcecode.swift; path = WriteViewController.swift; sourceTree = "<group>"; };
		DBF6324D23EDD433006E60FF /* StarStarDiary.entitlements */ = {isa = PBXFileReference; lastKnownFileType = text.plist.entitlements; path = StarStarDiary.entitlements; sourceTree = "<group>"; };
		DBF6324E23EDD77E006E60FF /* GoogleService-Info.plist */ = {isa = PBXFileReference; fileEncoding = 4; lastKnownFileType = text.plist.xml; path = "GoogleService-Info.plist"; sourceTree = "<group>"; };
/* End PBXFileReference section */

/* Begin PBXFrameworksBuildPhase section */
		D5D0F66923890DC500DA3169 /* Frameworks */ = {
			isa = PBXFrameworksBuildPhase;
			buildActionMask = 2147483647;
			files = (
				ADCC22B4D25855423D8EE10D /* Pods_StarStarDiary.framework in Frameworks */,
			);
			runOnlyForDeploymentPostprocessing = 0;
		};
/* End PBXFrameworksBuildPhase section */

/* Begin PBXGroup section */
		0E32727A2389621600EF36B4 /* ViewControllers */ = {
			isa = PBXGroup;
			children = (
				0E3272952389C37300EF36B4 /* FortuneDetailViewController.swift */,
				D5D0F67123890DC500DA3169 /* ViewController.swift */,
				D544F2852389672C009B3967 /* MainViewController.swift */,
				DBF122EF2389673300EFE5B2 /* WriteViewController.swift */,
				9CF049FA23A918B400A85BEC /* SideMenuViewController.swift */,
				9CF049FB23A918B400A85BEC /* SideMenuViewController.xib */,
				9CF049FE23A92F5D00A85BEC /* SettingsViewController.swift */,
				D5F23D2E23AA9E4C002F8127 /* OnBoardingViewController.swift */,
				DBAF024123AE2C9B0044E2DD /* SettingsViewController+cell.swift */,
				DB9EA41423AE90A000F4488D /* DiaryListViewController.swift */,
				0EDB40F123CA54830020B0EF /* ConstellationSelectionViewController.swift */,
				0EDB41A923CE25EE0020B0EF /* VarifyEmailViewController.swift */,
				0EDB41AE23CE79240020B0EF /* SignUpViewController.swift */,
				0E160CD423AA51E6000CA518 /* LoginViewController.swift */,
				0EEB412A23E481BB000AE851 /* FindIDViewController.swift */,
			);
			path = ViewControllers;
			sourceTree = "<group>";
		};
		0E32727B2389622000EF36B4 /* Views */ = {
			isa = PBXGroup;
			children = (
				0EDB40F823CA5D0E0020B0EF /* Cell */,
				0EDB41AB23CE2C1D0020B0EF /* InputFormView.swift */,
				DB09E1712389A4B400760C86 /* BaseNavigationView.swift */,
				D5D0F67323890DC500DA3169 /* Main.storyboard */,
				D5D0F67B23890DC600DA3169 /* LaunchScreen.storyboard */,
				DBAF024323AE32940044E2DD /* BaseTableViewCell.swift */,
				DBAF024723AE57B80044E2DD /* BaseTableViewHeaderFooterView.swift */,
				D54F6CED23BB5353001DA319 /* DiaryTableViewCell.swift */,
				D54F6CFA23BB7499001DA319 /* DiaryTableHeaderView.swift */,
				D54F6CFC23DC7EA4001DA319 /* FortuneHeaderView.swift */,
				D54F6D0023DC95E5001DA319 /* FortuneItemView.swift */,
				D5847DF823F0104300D8BA8E /* ConstellationSelectionViewFlowLayout.swift */,
			);
			path = Views;
			sourceTree = "<group>";
		};
		0E32727C2389622300EF36B4 /* Models */ = {
			isa = PBXGroup;
			children = (
				D54F6CEF23BB53D4001DA319 /* Diary.swift */,
				0EDB40EF23CA54350020B0EF /* Constellation.swift */,
				D54F6CFE23DC824A001DA319 /* FortuneItem.swift */,
			);
			path = Models;
			sourceTree = "<group>";
		};
		0E32727D2389622700EF36B4 /* Networks */ = {
			isa = PBXGroup;
			children = (
				0E79610A23EEB55F008446CB /* APIs */,
				0E7960D323EEADFE008446CB /* Dto */,
			);
			path = Networks;
			sourceTree = "<group>";
		};
		0E32728B2389BD3C00EF36B4 /* Recovered References */ = {
			isa = PBXGroup;
			children = (
				D544F28923898405009B3967 /* DateFormatter+.swift */,
			);
			name = "Recovered References";
			sourceTree = "<group>";
		};
		0E32728E2389BDE000EF36B4 /* Extensions */ = {
			isa = PBXGroup;
			children = (
				0E32728F2389BDE000EF36B4 /* DateFormatter+.swift */,
				DBAF023F23AE2B480044E2DD /* Bundle+appVersion.swift */,
				D54F6CF623BB60D4001DA319 /* Date+.swift */,
				0EDB40F623CA568C0020B0EF /* UICollectionView+.swift */,
				0EEB411523E45961000AE851 /* UIView+.swift */,
				D54F6D0723E46339001DA319 /* UIFont+.swift */,
				0E3272902389BDE000EF36B4 /* UIColor+Resource.swift */,
				D5F23D2C23AA9D45002F8127 /* UserDefaults+.swift */,
				0E160CD723ABED80000CA518 /* UITextField+.swift */,
				0E79610D23EF2103008446CB /* String+.swift */,
			);
			path = Extensions;
			sourceTree = "<group>";
		};
		0E7960D323EEADFE008446CB /* Dto */ = {
			isa = PBXGroup;
			children = (
				0E7960D423EEADFE008446CB /* LocalTime.swift */,
				0E7960D523EEADFE008446CB /* Response */,
				0E7960E123EEADFE008446CB /* Request */,
			);
			path = Dto;
			sourceTree = "<group>";
		};
		0E7960D523EEADFE008446CB /* Response */ = {
			isa = PBXGroup;
			children = (
				0E7960D623EEADFE008446CB /* ResHoroscopeDto.swift */,
				0E7960D723EEADFE008446CB /* ResSimpleDiaryDto.swift */,
				0E7960D823EEADFE008446CB /* ResUserInfoDto.swift */,
				0E7960D923EEADFE008446CB /* ResDailyQuestionDto.swift */,
				0E7960DA23EEADFE008446CB /* ResDiariesDto.swift */,
				0E7960DB23EEADFE008446CB /* ResTokenDto.swift */,
				0E7960DC23EEADFE008446CB /* ResDiaryDto.swift */,
				0E7960DD23EEADFE008446CB /* ResUserDto.swift */,
				0E7960DE23EEADFE008446CB /* ResAuthenticationTokenDto.swift */,
				0E7960DF23EEADFE008446CB /* ResCheckUserDto.swift */,
				0E7960E023EEADFE008446CB /* ResUserIdDto.swift */,
			);
			path = Response;
			sourceTree = "<group>";
		};
		0E7960E123EEADFE008446CB /* Request */ = {
			isa = PBXGroup;
			children = (
				0E7960E223EEADFE008446CB /* ReqModifyHoroscopeTimeDto.swift */,
				0E7960E323EEADFE008446CB /* ReqModifyHoroscopeAlarmDto.swift */,
				0E7960E423EEADFE008446CB /* ReqValidationSignUpNumberDto.swift */,
				0E7960E523EEADFE008446CB /* ReqModifyQuestionTimeDto.swift */,
				0E7960E623EEADFE008446CB /* ReqSignInDto.swift */,
				0E7960E723EEADFE008446CB /* ReqFindPasswordNumberDto.swift */,
				0E7960E823EEADFE008446CB /* ReqModifyConstellationDto.swift */,
				0E7960E923EEADFE008446CB /* ReqSignUpNumberDto.swift */,
				0E7960EA23EEADFE008446CB /* ReqValidationFindPasswordNumberDto.swift */,
				0E7960EB23EEADFE008446CB /* ReqSignUpDto.swift */,
				0E7960EC23EEADFE008446CB /* ReqModifyPasswordDto.swift */,
				0E7960ED23EEADFE008446CB /* ReqModifyQuestionAlarmDto.swift */,
				0E7960EE23EEADFE008446CB /* ReqModifyDiaryDto.swift */,
				0E7960EF23EEADFE008446CB /* ReqWriteDiaryDto.swift */,
			);
			path = Request;
			sourceTree = "<group>";
		};
		0E79610A23EEB55F008446CB /* APIs */ = {
			isa = PBXGroup;
			children = (
				0E7960CE23EEAD4B008446CB /* API.swift */,
				0E79610B23EEB577008446CB /* AuthenticatedAPI.swift */,
			);
			path = APIs;
			sourceTree = "<group>";
		};
		0EDB40F323CA56060020B0EF /* Common */ = {
			isa = PBXGroup;
			children = (
				0EDB40F423CA56140020B0EF /* Reusable.swift */,
			);
			path = Common;
			sourceTree = "<group>";
		};
		0EDB40F823CA5D0E0020B0EF /* Cell */ = {
			isa = PBXGroup;
			children = (
				0EDB40F923CA5D210020B0EF /* ConstellationCell.swift */,
			);
			path = Cell;
			sourceTree = "<group>";
		};
		13DD90F7C982B82A180C42D6 /* Frameworks */ = {
			isa = PBXGroup;
			children = (
				A57C3B489FC848FFBB6107E7 /* Pods_StarStarDiary.framework */,
			);
			name = Frameworks;
			sourceTree = "<group>";
		};
		3A4E1C44ED126C7C009F1804 /* Pods */ = {
			isa = PBXGroup;
			children = (
				C374176DB79A9B002599C37A /* Pods-StarStarDiary.debug.xcconfig */,
				B52A4D106A7F14CB5BEAE593 /* Pods-StarStarDiary.release.xcconfig */,
			);
			path = Pods;
			sourceTree = "<group>";
		};
		D54F6D0223E4609D001DA319 /* Resources */ = {
			isa = PBXGroup;
			children = (
				D54F6D0323E460B5001DA319 /* Fonts */,
				D5D0F67923890DC600DA3169 /* Assets.xcassets */,
				D5D0F67E23890DC600DA3169 /* Info.plist */,
				D5D0F67623890DC500DA3169 /* StarStarDiary.xcdatamodeld */,
				DBF6324D23EDD433006E60FF /* StarStarDiary.entitlements */,
				DBF6324E23EDD77E006E60FF /* GoogleService-Info.plist */,
				D54F6CF423BB5DE2001DA319 /* Sample.json */,
			);
			path = Resources;
			sourceTree = "<group>";
		};
		D54F6D0323E460B5001DA319 /* Fonts */ = {
			isa = PBXGroup;
			children = (
				D5847DF023E56C8500D8BA8E /* KoreanYMJ-B.otf */,
				D5847DEE23E56C8400D8BA8E /* KoreanYMJ-E.otf */,
				D5847DF123E56C8500D8BA8E /* KoreanYMJ-L.otf */,
				D5847DEF23E56C8500D8BA8E /* KoreanYMJ-M.otf */,
				D54F6D0B23E46474001DA319 /* NotoSansCJKkr-Bold.otf */,
				D54F6D0A23E46473001DA319 /* NotoSansCJKkr-Medium.otf */,
				D54F6D0C23E46475001DA319 /* NotoSansCJKkr-Regular.otf */,
			);
			path = Fonts;
			sourceTree = "<group>";
		};
		D5D0F66323890DC500DA3169 = {
			isa = PBXGroup;
			children = (
				D5D0F66E23890DC500DA3169 /* StarStarDiary */,
				D5D0F66D23890DC500DA3169 /* Products */,
				3A4E1C44ED126C7C009F1804 /* Pods */,
				13DD90F7C982B82A180C42D6 /* Frameworks */,
				0E32728B2389BD3C00EF36B4 /* Recovered References */,
			);
			sourceTree = "<group>";
		};
		D5D0F66D23890DC500DA3169 /* Products */ = {
			isa = PBXGroup;
			children = (
				D5D0F66C23890DC500DA3169 /* StarStarDiary.app */,
			);
			name = Products;
			sourceTree = "<group>";
		};
		D5D0F66E23890DC500DA3169 /* StarStarDiary */ = {
			isa = PBXGroup;
			children = (
				D54F6D0223E4609D001DA319 /* Resources */,
				0E34EF1C23EB449100D2914D /* Dto */,
				0E7960CD23EEAD31008446CB /* Network */,
				0EDB40F323CA56060020B0EF /* Common */,
				D5D0F66F23890DC500DA3169 /* AppDelegate.swift */,
				0E32727A2389621600EF36B4 /* ViewControllers */,
				0E32727B2389622000EF36B4 /* Views */,
				0E32727C2389622300EF36B4 /* Models */,
				0E32728E2389BDE000EF36B4 /* Extensions */,
			);
			path = StarStarDiary;
			sourceTree = "<group>";
		};
/* End PBXGroup section */

/* Begin PBXNativeTarget section */
		D5D0F66B23890DC500DA3169 /* StarStarDiary */ = {
			isa = PBXNativeTarget;
			buildConfigurationList = D5D0F68123890DC600DA3169 /* Build configuration list for PBXNativeTarget "StarStarDiary" */;
			buildPhases = (
				FE5DBF152A4CDBC284FFF681 /* [CP] Check Pods Manifest.lock */,
				D5D0F66823890DC500DA3169 /* Sources */,
				D5D0F66923890DC500DA3169 /* Frameworks */,
				D5D0F66A23890DC500DA3169 /* Resources */,
				D5D0F684238911EC00DA3169 /* SwiftLint */,
				FE869633384FA808DF854C93 /* [CP] Embed Pods Frameworks */,
			);
			buildRules = (
			);
			dependencies = (
			);
			name = StarStarDiary;
			productName = StarStarDiary;
			productReference = D5D0F66C23890DC500DA3169 /* StarStarDiary.app */;
			productType = "com.apple.product-type.application";
		};
/* End PBXNativeTarget section */

/* Begin PBXProject section */
		D5D0F66423890DC500DA3169 /* Project object */ = {
			isa = PBXProject;
			attributes = {
				LastSwiftUpdateCheck = 1030;
				LastUpgradeCheck = 1030;
				ORGANIZATIONNAME = "mash-up";
				TargetAttributes = {
					D5D0F66B23890DC500DA3169 = {
						CreatedOnToolsVersion = 10.3;
					};
				};
			};
			buildConfigurationList = D5D0F66723890DC500DA3169 /* Build configuration list for PBXProject "StarStarDiary" */;
			compatibilityVersion = "Xcode 9.3";
			developmentRegion = en;
			hasScannedForEncodings = 0;
			knownRegions = (
				en,
				Base,
			);
			mainGroup = D5D0F66323890DC500DA3169;
			productRefGroup = D5D0F66D23890DC500DA3169 /* Products */;
			projectDirPath = "";
			projectRoot = "";
			targets = (
				D5D0F66B23890DC500DA3169 /* StarStarDiary */,
			);
		};
/* End PBXProject section */

/* Begin PBXResourcesBuildPhase section */
		D5D0F66A23890DC500DA3169 /* Resources */ = {
			isa = PBXResourcesBuildPhase;
			buildActionMask = 2147483647;
			files = (
				DBF6324F23EDD77E006E60FF /* GoogleService-Info.plist in Resources */,
				0E34EF1D23EB449100D2914D /* Dto in Resources */,
				9CF049FD23A918B400A85BEC /* SideMenuViewController.xib in Resources */,
				D5847DF423E56C8500D8BA8E /* KoreanYMJ-B.otf in Resources */,
				D54F6D0D23E46475001DA319 /* NotoSansCJKkr-Medium.otf in Resources */,
				D5D0F67D23890DC600DA3169 /* LaunchScreen.storyboard in Resources */,
				D54F6D0F23E46475001DA319 /* NotoSansCJKkr-Regular.otf in Resources */,
				D5847DF323E56C8500D8BA8E /* KoreanYMJ-M.otf in Resources */,
				D5D0F67A23890DC600DA3169 /* Assets.xcassets in Resources */,
				D54F6D0E23E46475001DA319 /* NotoSansCJKkr-Bold.otf in Resources */,
				D5D0F67523890DC500DA3169 /* Main.storyboard in Resources */,
				D54F6CF523BB5DE2001DA319 /* Sample.json in Resources */,
				D5847DF223E56C8500D8BA8E /* KoreanYMJ-E.otf in Resources */,
				D5847DF523E56C8500D8BA8E /* KoreanYMJ-L.otf in Resources */,
			);
			runOnlyForDeploymentPostprocessing = 0;
		};
/* End PBXResourcesBuildPhase section */

/* Begin PBXShellScriptBuildPhase section */
		D5D0F684238911EC00DA3169 /* SwiftLint */ = {
			isa = PBXShellScriptBuildPhase;
			buildActionMask = 2147483647;
			files = (
			);
			inputFileListPaths = (
			);
			inputPaths = (
			);
			name = SwiftLint;
			outputFileListPaths = (
			);
			outputPaths = (
			);
			runOnlyForDeploymentPostprocessing = 0;
			shellPath = /bin/sh;
			shellScript = "${PODS_ROOT}/SwiftLint/swiftlint\n";
		};
		FE5DBF152A4CDBC284FFF681 /* [CP] Check Pods Manifest.lock */ = {
			isa = PBXShellScriptBuildPhase;
			buildActionMask = 2147483647;
			files = (
			);
			inputFileListPaths = (
			);
			inputPaths = (
				"${PODS_PODFILE_DIR_PATH}/Podfile.lock",
				"${PODS_ROOT}/Manifest.lock",
			);
			name = "[CP] Check Pods Manifest.lock";
			outputFileListPaths = (
			);
			outputPaths = (
				"$(DERIVED_FILE_DIR)/Pods-StarStarDiary-checkManifestLockResult.txt",
			);
			runOnlyForDeploymentPostprocessing = 0;
			shellPath = /bin/sh;
			shellScript = "diff \"${PODS_PODFILE_DIR_PATH}/Podfile.lock\" \"${PODS_ROOT}/Manifest.lock\" > /dev/null\nif [ $? != 0 ] ; then\n    # print error to STDERR\n    echo \"error: The sandbox is not in sync with the Podfile.lock. Run 'pod install' or update your CocoaPods installation.\" >&2\n    exit 1\nfi\n# This output is used by Xcode 'outputs' to avoid re-running this script phase.\necho \"SUCCESS\" > \"${SCRIPT_OUTPUT_FILE_0}\"\n";
			showEnvVarsInLog = 0;
		};
		FE869633384FA808DF854C93 /* [CP] Embed Pods Frameworks */ = {
			isa = PBXShellScriptBuildPhase;
			buildActionMask = 2147483647;
			files = (
			);
			inputFileListPaths = (
				"${PODS_ROOT}/Target Support Files/Pods-StarStarDiary/Pods-StarStarDiary-frameworks-${CONFIGURATION}-input-files.xcfilelist",
			);
			name = "[CP] Embed Pods Frameworks";
			outputFileListPaths = (
				"${PODS_ROOT}/Target Support Files/Pods-StarStarDiary/Pods-StarStarDiary-frameworks-${CONFIGURATION}-output-files.xcfilelist",
			);
			runOnlyForDeploymentPostprocessing = 0;
			shellPath = /bin/sh;
			shellScript = "\"${PODS_ROOT}/Target Support Files/Pods-StarStarDiary/Pods-StarStarDiary-frameworks.sh\"\n";
			showEnvVarsInLog = 0;
		};
/* End PBXShellScriptBuildPhase section */

/* Begin PBXSourcesBuildPhase section */
		D5D0F66823890DC500DA3169 /* Sources */ = {
			isa = PBXSourcesBuildPhase;
			buildActionMask = 2147483647;
			files = (
				0E7960F023EEAE58008446CB /* LocalTime.swift in Sources */,
				0E7960F123EEAE58008446CB /* ResHoroscopeDto.swift in Sources */,
				0E7960F223EEAE58008446CB /* ResSimpleDiaryDto.swift in Sources */,
				0E7960F323EEAE58008446CB /* ResUserInfoDto.swift in Sources */,
				0E7960F423EEAE58008446CB /* ResDailyQuestionDto.swift in Sources */,
				0E7960F523EEAE58008446CB /* ResDiariesDto.swift in Sources */,
				0E7960F623EEAE58008446CB /* ResTokenDto.swift in Sources */,
				0E7960F723EEAE58008446CB /* ResDiaryDto.swift in Sources */,
				0E7960F823EEAE58008446CB /* ResUserDto.swift in Sources */,
				0E7960F923EEAE58008446CB /* ResAuthenticationTokenDto.swift in Sources */,
				0E7960FA23EEAE58008446CB /* ResCheckUserDto.swift in Sources */,
				0E7960FB23EEAE58008446CB /* ResUserIdDto.swift in Sources */,
				0E7960FC23EEAE58008446CB /* ReqModifyHoroscopeTimeDto.swift in Sources */,
				0E7960FD23EEAE58008446CB /* ReqModifyHoroscopeAlarmDto.swift in Sources */,
				0E79610E23EF2103008446CB /* String+.swift in Sources */,
				0E7960FE23EEAE58008446CB /* ReqValidationSignUpNumberDto.swift in Sources */,
				0E7960FF23EEAE58008446CB /* ReqModifyQuestionTimeDto.swift in Sources */,
				0E79610023EEAE58008446CB /* ReqSignInDto.swift in Sources */,
				0E79610123EEAE58008446CB /* ReqFindPasswordNumberDto.swift in Sources */,
				0E79610223EEAE58008446CB /* ReqModifyConstellationDto.swift in Sources */,
				0E79610323EEAE58008446CB /* ReqSignUpNumberDto.swift in Sources */,
				0E79610423EEAE58008446CB /* ReqValidationFindPasswordNumberDto.swift in Sources */,
				0E79610523EEAE58008446CB /* ReqSignUpDto.swift in Sources */,
				0E79610623EEAE58008446CB /* ReqModifyPasswordDto.swift in Sources */,
				0E79610723EEAE58008446CB /* ReqModifyQuestionAlarmDto.swift in Sources */,
				0E79610C23EEB577008446CB /* AuthenticatedAPI.swift in Sources */,
				0E79610823EEAE58008446CB /* ReqModifyDiaryDto.swift in Sources */,
				0E79610923EEAE58008446CB /* ReqWriteDiaryDto.swift in Sources */,
				DBAF024023AE2B480044E2DD /* Bundle+appVersion.swift in Sources */,
				D5D0F67223890DC500DA3169 /* ViewController.swift in Sources */,
				D5D0F67823890DC500DA3169 /* StarStarDiary.xcdatamodeld in Sources */,
				D54F6CFF23DC824A001DA319 /* FortuneItem.swift in Sources */,
				DBF122F02389673300EFE5B2 /* WriteViewController.swift in Sources */,
				0E3272962389C37300EF36B4 /* FortuneDetailViewController.swift in Sources */,
				DBAF024823AE57B80044E2DD /* BaseTableViewHeaderFooterView.swift in Sources */,
				DBAF024223AE2C9B0044E2DD /* SettingsViewController+cell.swift in Sources */,
				0E3272962389C37300EF36B4 /* FortuneDetailViewController.swift in Sources */,
				0E160CD823ABED80000CA518 /* UITextField+.swift in Sources */,
				0E3272962389C37300EF36B4 /* FortuneDetailViewController.swift in Sources */,
				9CF049FC23A918B400A85BEC /* SideMenuViewController.swift in Sources */,
				D54F6CF023BB53D4001DA319 /* Diary.swift in Sources */,
				0EDB40F723CA568C0020B0EF /* UICollectionView+.swift in Sources */,
				D5D0F67023890DC500DA3169 /* AppDelegate.swift in Sources */,
				D54F6D0823E46339001DA319 /* UIFont+.swift in Sources */,
				0EDB41AF23CE79240020B0EF /* SignUpViewController.swift in Sources */,
				0E7960CF23EEAD4B008446CB /* API.swift in Sources */,
				0E3272922389BDE000EF36B4 /* UIColor+Resource.swift in Sources */,
				0E3272912389BDE000EF36B4 /* DateFormatter+.swift in Sources */,
				0EEB412B23E481BB000AE851 /* FindIDViewController.swift in Sources */,
				D54F6CF723BB60D4001DA319 /* Date+.swift in Sources */,
				D54F6D0123DC95E5001DA319 /* FortuneItemView.swift in Sources */,
				D54F6CFB23BB7499001DA319 /* DiaryTableHeaderView.swift in Sources */,
				D5F23D2D23AA9D45002F8127 /* UserDefaults+.swift in Sources */,
				D5847DF923F0104300D8BA8E /* ConstellationSelectionViewFlowLayout.swift in Sources */,
				DBAF024523AE32940044E2DD /* BaseTableViewCell.swift in Sources */,
				D544F2862389672C009B3967 /* MainViewController.swift in Sources */,
				D54F6CFD23DC7EA4001DA319 /* FortuneHeaderView.swift in Sources */,
				D54F6CEE23BB5353001DA319 /* DiaryTableViewCell.swift in Sources */,
				0EDB41AC23CE2C1D0020B0EF /* InputFormView.swift in Sources */,
				0EDB41AC23CE2C1D0020B0EF /* InputFormView.swift in Sources */,
				0EDB41AA23CE25EE0020B0EF /* VarifyEmailViewController.swift in Sources */,
				0EDB41AA23CE25EE0020B0EF /* VarifyEmailViewController.swift in Sources */,
				D544F28A23898405009B3967 /* DateFormatter+.swift in Sources */,
				D5F23D2F23AA9E4C002F8127 /* OnBoardingViewController.swift in Sources */,
				0EDB40F523CA56140020B0EF /* Reusable.swift in Sources */,
				0EDB40F223CA54830020B0EF /* ConstellationSelectionViewController.swift in Sources */,
				0EEB411623E45962000AE851 /* UIView+.swift in Sources */,
				DB09E1722389A4B400760C86 /* BaseNavigationView.swift in Sources */,
				0EDB40F023CA54350020B0EF /* Constellation.swift in Sources */,
				0EDB40FA23CA5D210020B0EF /* ConstellationCell.swift in Sources */,
				DB9EA41523AE90A000F4488D /* DiaryListViewController.swift in Sources */,
				9CF04A0023A92F5D00A85BEC /* SettingsViewController.swift in Sources */,
				0E160CD523AA51E6000CA518 /* LoginViewController.swift in Sources */,
			);
			runOnlyForDeploymentPostprocessing = 0;
		};
/* End PBXSourcesBuildPhase section */

/* Begin PBXVariantGroup section */
		D5D0F67323890DC500DA3169 /* Main.storyboard */ = {
			isa = PBXVariantGroup;
			children = (
				D5D0F67423890DC500DA3169 /* Base */,
			);
			name = Main.storyboard;
			sourceTree = "<group>";
		};
		D5D0F67B23890DC600DA3169 /* LaunchScreen.storyboard */ = {
			isa = PBXVariantGroup;
			children = (
				D5D0F67C23890DC600DA3169 /* Base */,
			);
			name = LaunchScreen.storyboard;
			sourceTree = "<group>";
		};
/* End PBXVariantGroup section */

/* Begin XCBuildConfiguration section */
		D5D0F67F23890DC600DA3169 /* Debug */ = {
			isa = XCBuildConfiguration;
			buildSettings = {
				ALWAYS_SEARCH_USER_PATHS = NO;
				CLANG_ANALYZER_NONNULL = YES;
				CLANG_ANALYZER_NUMBER_OBJECT_CONVERSION = YES_AGGRESSIVE;
				CLANG_CXX_LANGUAGE_STANDARD = "gnu++14";
				CLANG_CXX_LIBRARY = "libc++";
				CLANG_ENABLE_MODULES = YES;
				CLANG_ENABLE_OBJC_ARC = YES;
				CLANG_ENABLE_OBJC_WEAK = YES;
				CLANG_WARN_BLOCK_CAPTURE_AUTORELEASING = YES;
				CLANG_WARN_BOOL_CONVERSION = YES;
				CLANG_WARN_COMMA = YES;
				CLANG_WARN_CONSTANT_CONVERSION = YES;
				CLANG_WARN_DEPRECATED_OBJC_IMPLEMENTATIONS = YES;
				CLANG_WARN_DIRECT_OBJC_ISA_USAGE = YES_ERROR;
				CLANG_WARN_DOCUMENTATION_COMMENTS = YES;
				CLANG_WARN_EMPTY_BODY = YES;
				CLANG_WARN_ENUM_CONVERSION = YES;
				CLANG_WARN_INFINITE_RECURSION = YES;
				CLANG_WARN_INT_CONVERSION = YES;
				CLANG_WARN_NON_LITERAL_NULL_CONVERSION = YES;
				CLANG_WARN_OBJC_IMPLICIT_RETAIN_SELF = YES;
				CLANG_WARN_OBJC_LITERAL_CONVERSION = YES;
				CLANG_WARN_OBJC_ROOT_CLASS = YES_ERROR;
				CLANG_WARN_RANGE_LOOP_ANALYSIS = YES;
				CLANG_WARN_STRICT_PROTOTYPES = YES;
				CLANG_WARN_SUSPICIOUS_MOVE = YES;
				CLANG_WARN_UNGUARDED_AVAILABILITY = YES_AGGRESSIVE;
				CLANG_WARN_UNREACHABLE_CODE = YES;
				CLANG_WARN__DUPLICATE_METHOD_MATCH = YES;
				CODE_SIGN_IDENTITY = "iPhone Developer";
				COPY_PHASE_STRIP = NO;
				DEBUG_INFORMATION_FORMAT = dwarf;
				ENABLE_STRICT_OBJC_MSGSEND = YES;
				ENABLE_TESTABILITY = YES;
				GCC_C_LANGUAGE_STANDARD = gnu11;
				GCC_DYNAMIC_NO_PIC = NO;
				GCC_NO_COMMON_BLOCKS = YES;
				GCC_OPTIMIZATION_LEVEL = 0;
				GCC_PREPROCESSOR_DEFINITIONS = (
					"DEBUG=1",
					"$(inherited)",
				);
				GCC_WARN_64_TO_32_BIT_CONVERSION = YES;
				GCC_WARN_ABOUT_RETURN_TYPE = YES_ERROR;
				GCC_WARN_UNDECLARED_SELECTOR = YES;
				GCC_WARN_UNINITIALIZED_AUTOS = YES_AGGRESSIVE;
				GCC_WARN_UNUSED_FUNCTION = YES;
				GCC_WARN_UNUSED_VARIABLE = YES;
				IPHONEOS_DEPLOYMENT_TARGET = 12.4;
				MTL_ENABLE_DEBUG_INFO = INCLUDE_SOURCE;
				MTL_FAST_MATH = YES;
				ONLY_ACTIVE_ARCH = YES;
				SDKROOT = iphoneos;
				SWIFT_ACTIVE_COMPILATION_CONDITIONS = DEBUG;
				SWIFT_OPTIMIZATION_LEVEL = "-Onone";
			};
			name = Debug;
		};
		D5D0F68023890DC600DA3169 /* Release */ = {
			isa = XCBuildConfiguration;
			buildSettings = {
				ALWAYS_SEARCH_USER_PATHS = NO;
				CLANG_ANALYZER_NONNULL = YES;
				CLANG_ANALYZER_NUMBER_OBJECT_CONVERSION = YES_AGGRESSIVE;
				CLANG_CXX_LANGUAGE_STANDARD = "gnu++14";
				CLANG_CXX_LIBRARY = "libc++";
				CLANG_ENABLE_MODULES = YES;
				CLANG_ENABLE_OBJC_ARC = YES;
				CLANG_ENABLE_OBJC_WEAK = YES;
				CLANG_WARN_BLOCK_CAPTURE_AUTORELEASING = YES;
				CLANG_WARN_BOOL_CONVERSION = YES;
				CLANG_WARN_COMMA = YES;
				CLANG_WARN_CONSTANT_CONVERSION = YES;
				CLANG_WARN_DEPRECATED_OBJC_IMPLEMENTATIONS = YES;
				CLANG_WARN_DIRECT_OBJC_ISA_USAGE = YES_ERROR;
				CLANG_WARN_DOCUMENTATION_COMMENTS = YES;
				CLANG_WARN_EMPTY_BODY = YES;
				CLANG_WARN_ENUM_CONVERSION = YES;
				CLANG_WARN_INFINITE_RECURSION = YES;
				CLANG_WARN_INT_CONVERSION = YES;
				CLANG_WARN_NON_LITERAL_NULL_CONVERSION = YES;
				CLANG_WARN_OBJC_IMPLICIT_RETAIN_SELF = YES;
				CLANG_WARN_OBJC_LITERAL_CONVERSION = YES;
				CLANG_WARN_OBJC_ROOT_CLASS = YES_ERROR;
				CLANG_WARN_RANGE_LOOP_ANALYSIS = YES;
				CLANG_WARN_STRICT_PROTOTYPES = YES;
				CLANG_WARN_SUSPICIOUS_MOVE = YES;
				CLANG_WARN_UNGUARDED_AVAILABILITY = YES_AGGRESSIVE;
				CLANG_WARN_UNREACHABLE_CODE = YES;
				CLANG_WARN__DUPLICATE_METHOD_MATCH = YES;
				CODE_SIGN_IDENTITY = "iPhone Developer";
				COPY_PHASE_STRIP = NO;
				DEBUG_INFORMATION_FORMAT = "dwarf-with-dsym";
				ENABLE_NS_ASSERTIONS = NO;
				ENABLE_STRICT_OBJC_MSGSEND = YES;
				GCC_C_LANGUAGE_STANDARD = gnu11;
				GCC_NO_COMMON_BLOCKS = YES;
				GCC_WARN_64_TO_32_BIT_CONVERSION = YES;
				GCC_WARN_ABOUT_RETURN_TYPE = YES_ERROR;
				GCC_WARN_UNDECLARED_SELECTOR = YES;
				GCC_WARN_UNINITIALIZED_AUTOS = YES_AGGRESSIVE;
				GCC_WARN_UNUSED_FUNCTION = YES;
				GCC_WARN_UNUSED_VARIABLE = YES;
				IPHONEOS_DEPLOYMENT_TARGET = 12.4;
				MTL_ENABLE_DEBUG_INFO = NO;
				MTL_FAST_MATH = YES;
				SDKROOT = iphoneos;
				SWIFT_COMPILATION_MODE = wholemodule;
				SWIFT_OPTIMIZATION_LEVEL = "-O";
				VALIDATE_PRODUCT = YES;
			};
			name = Release;
		};
		D5D0F68223890DC600DA3169 /* Debug */ = {
			isa = XCBuildConfiguration;
			baseConfigurationReference = C374176DB79A9B002599C37A /* Pods-StarStarDiary.debug.xcconfig */;
			buildSettings = {
				ASSETCATALOG_COMPILER_APPICON_NAME = AppIcon;
				CODE_SIGN_ENTITLEMENTS = StarStarDiary/Resources/StarStarDiary.entitlements;
				CODE_SIGN_STYLE = Manual;
				DEVELOPMENT_TEAM = 5BKN5926VM;
				INFOPLIST_FILE = StarStarDiary/Resources/Info.plist;
				IPHONEOS_DEPLOYMENT_TARGET = 13.0;
				LD_RUNPATH_SEARCH_PATHS = (
					"$(inherited)",
					"@executable_path/Frameworks",
				);
				PRODUCT_BUNDLE_IDENTIFIER = "com.mash-up.StarStarDiary";
				PRODUCT_NAME = "$(TARGET_NAME)";
				PROVISIONING_PROFILE_SPECIFIER = StarStarDiary;
				SWIFT_VERSION = 5.0;
				TARGETED_DEVICE_FAMILY = "1,2";
			};
			name = Debug;
		};
		D5D0F68323890DC600DA3169 /* Release */ = {
			isa = XCBuildConfiguration;
			baseConfigurationReference = B52A4D106A7F14CB5BEAE593 /* Pods-StarStarDiary.release.xcconfig */;
			buildSettings = {
				ASSETCATALOG_COMPILER_APPICON_NAME = AppIcon;
				CODE_SIGN_ENTITLEMENTS = StarStarDiary/Resources/StarStarDiary.entitlements;
				CODE_SIGN_STYLE = Manual;
				DEVELOPMENT_TEAM = 5BKN5926VM;
				INFOPLIST_FILE = StarStarDiary/Resources/Info.plist;
				IPHONEOS_DEPLOYMENT_TARGET = 13.0;
				LD_RUNPATH_SEARCH_PATHS = (
					"$(inherited)",
					"@executable_path/Frameworks",
				);
				PRODUCT_BUNDLE_IDENTIFIER = "com.mash-up.StarStarDiary";
				PRODUCT_NAME = "$(TARGET_NAME)";
				PROVISIONING_PROFILE_SPECIFIER = StarStarDiary;
				SWIFT_VERSION = 5.0;
				TARGETED_DEVICE_FAMILY = "1,2";
			};
			name = Release;
		};
/* End XCBuildConfiguration section */

/* Begin XCConfigurationList section */
		D5D0F66723890DC500DA3169 /* Build configuration list for PBXProject "StarStarDiary" */ = {
			isa = XCConfigurationList;
			buildConfigurations = (
				D5D0F67F23890DC600DA3169 /* Debug */,
				D5D0F68023890DC600DA3169 /* Release */,
			);
			defaultConfigurationIsVisible = 0;
			defaultConfigurationName = Release;
		};
		D5D0F68123890DC600DA3169 /* Build configuration list for PBXNativeTarget "StarStarDiary" */ = {
			isa = XCConfigurationList;
			buildConfigurations = (
				D5D0F68223890DC600DA3169 /* Debug */,
				D5D0F68323890DC600DA3169 /* Release */,
			);
			defaultConfigurationIsVisible = 0;
			defaultConfigurationName = Release;
		};
/* End XCConfigurationList section */

/* Begin XCVersionGroup section */
		D5D0F67623890DC500DA3169 /* StarStarDiary.xcdatamodeld */ = {
			isa = XCVersionGroup;
			children = (
				D5D0F67723890DC500DA3169 /* StarStarDiary.xcdatamodel */,
			);
			currentVersion = D5D0F67723890DC500DA3169 /* StarStarDiary.xcdatamodel */;
			path = StarStarDiary.xcdatamodeld;
			sourceTree = "<group>";
			versionGroupType = wrapper.xcdatamodel;
		};
/* End XCVersionGroup section */
	};
	rootObject = D5D0F66423890DC500DA3169 /* Project object */;
}
