// !$*UTF8*$!
{
	archiveVersion = 1;
	classes = {
	};
	objectVersion = 50;
	objects = {

/* Begin PBXBuildFile section */
		D5D0F67023890DC500DA3169 /* AppDelegate.swift in Sources */ = {isa = PBXBuildFile; fileRef = D5D0F66F23890DC500DA3169 /* AppDelegate.swift */; };
		D5D0F67223890DC500DA3169 /* ViewController.swift in Sources */ = {isa = PBXBuildFile; fileRef = D5D0F67123890DC500DA3169 /* ViewController.swift */; };
		D5D0F67523890DC500DA3169 /* Main.storyboard in Resources */ = {isa = PBXBuildFile; fileRef = D5D0F67323890DC500DA3169 /* Main.storyboard */; };
		D5D0F67823890DC500DA3169 /* StarStarDiary.xcdatamodeld in Sources */ = {isa = PBXBuildFile; fileRef = D5D0F67623890DC500DA3169 /* StarStarDiary.xcdatamodeld */; };
		D5D0F67A23890DC600DA3169 /* Assets.xcassets in Resources */ = {isa = PBXBuildFile; fileRef = D5D0F67923890DC600DA3169 /* Assets.xcassets */; };
		D5D0F67D23890DC600DA3169 /* LaunchScreen.storyboard in Resources */ = {isa = PBXBuildFile; fileRef = D5D0F67B23890DC600DA3169 /* LaunchScreen.storyboard */; };
/* End PBXBuildFile section */

/* Begin PBXFileReference section */
		D5D0F66C23890DC500DA3169 /* StarStarDiary.app */ = {isa = PBXFileReference; explicitFileType = wrapper.application; includeInIndex = 0; path = StarStarDiary.app; sourceTree = BUILT_PRODUCTS_DIR; };
		D5D0F66F23890DC500DA3169 /* AppDelegate.swift */ = {isa = PBXFileReference; lastKnownFileType = sourcecode.swift; path = AppDelegate.swift; sourceTree = "<group>"; };
		D5D0F67123890DC500DA3169 /* ViewController.swift */ = {isa = PBXFileReference; lastKnownFileType = sourcecode.swift; path = ViewController.swift; sourceTree = "<group>"; };
		D5D0F67423890DC500DA3169 /* Base */ = {isa = PBXFileReference; lastKnownFileType = file.storyboard; name = Base; path = Base.lproj/Main.storyboard; sourceTree = "<group>"; };
		D5D0F67723890DC500DA3169 /* StarStarDiary.xcdatamodel */ = {isa = PBXFileReference; lastKnownFileType = wrapper.xcdatamodel; path = StarStarDiary.xcdatamodel; sourceTree = "<group>"; };
		D5D0F67923890DC600DA3169 /* Assets.xcassets */ = {isa = PBXFileReference; lastKnownFileType = folder.assetcatalog; path = Assets.xcassets; sourceTree = "<group>"; };
		D5D0F67C23890DC600DA3169 /* Base */ = {isa = PBXFileReference; lastKnownFileType = file.storyboard; name = Base; path = Base.lproj/LaunchScreen.storyboard; sourceTree = "<group>"; };
		D5D0F67E23890DC600DA3169 /* Info.plist */ = {isa = PBXFileReference; lastKnownFileType = text.plist.xml; path = Info.plist; sourceTree = "<group>"; };
/* End PBXFileReference section */

/* Begin PBXFrameworksBuildPhase section */
		D5D0F66923890DC500DA3169 /* Frameworks */ = {
			isa = PBXFrameworksBuildPhase;
			buildActionMask = 2147483647;
			files = (
			);
			runOnlyForDeploymentPostprocessing = 0;
		};
/* End PBXFrameworksBuildPhase section */

/* Begin PBXGroup section */
		D5D0F66323890DC500DA3169 = {
			isa = PBXGroup;
			children = (
				D5D0F66E23890DC500DA3169 /* StarStarDiary */,
				D5D0F66D23890DC500DA3169 /* Products */,
			);
			sourceTree = "<group>";
		};
		D5D0F66D23890DC500DA3169 /* Products */ = {
			isa = PBXGroup;
			children = (
				D5D0F66C23890DC500DA3169 /* StarStarDiary.app */,
			);
			name = Products;
			sourceTree = "<group>";
		};
		D5D0F66E23890DC500DA3169 /* StarStarDiary */ = {
			isa = PBXGroup;
			children = (
				D5D0F66F23890DC500DA3169 /* AppDelegate.swift */,
				D5D0F67123890DC500DA3169 /* ViewController.swift */,
				D5D0F67323890DC500DA3169 /* Main.storyboard */,
				D5D0F67923890DC600DA3169 /* Assets.xcassets */,
				D5D0F67B23890DC600DA3169 /* LaunchScreen.storyboard */,
				D5D0F67E23890DC600DA3169 /* Info.plist */,
				D5D0F67623890DC500DA3169 /* StarStarDiary.xcdatamodeld */,
			);
			path = StarStarDiary;
			sourceTree = "<group>";
		};
/* End PBXGroup section */

/* Begin PBXNativeTarget section */
		D5D0F66B23890DC500DA3169 /* StarStarDiary */ = {
			isa = PBXNativeTarget;
			buildConfigurationList = D5D0F68123890DC600DA3169 /* Build configuration list for PBXNativeTarget "StarStarDiary" */;
			buildPhases = (
				D5D0F66823890DC500DA3169 /* Sources */,
				D5D0F66923890DC500DA3169 /* Frameworks */,
				D5D0F66A23890DC500DA3169 /* Resources */,
			);
			buildRules = (
			);
			dependencies = (
			);
			name = StarStarDiary;
			productName = StarStarDiary;
			productReference = D5D0F66C23890DC500DA3169 /* StarStarDiary.app */;
			productType = "com.apple.product-type.application";
		};
/* End PBXNativeTarget section */

/* Begin PBXProject section */
		D5D0F66423890DC500DA3169 /* Project object */ = {
			isa = PBXProject;
			attributes = {
				LastSwiftUpdateCheck = 1030;
				LastUpgradeCheck = 1030;
				ORGANIZATIONNAME = "mash-up";
				TargetAttributes = {
					D5D0F66B23890DC500DA3169 = {
						CreatedOnToolsVersion = 10.3;
					};
				};
			};
			buildConfigurationList = D5D0F66723890DC500DA3169 /* Build configuration list for PBXProject "StarStarDiary" */;
			compatibilityVersion = "Xcode 9.3";
			developmentRegion = en;
			hasScannedForEncodings = 0;
			knownRegions = (
				en,
				Base,
			);
			mainGroup = D5D0F66323890DC500DA3169;
			productRefGroup = D5D0F66D23890DC500DA3169 /* Products */;
			projectDirPath = "";
			projectRoot = "";
			targets = (
				D5D0F66B23890DC500DA3169 /* StarStarDiary */,
			);
		};
/* End PBXProject section */

/* Begin PBXResourcesBuildPhase section */
		D5D0F66A23890DC500DA3169 /* Resources */ = {
			isa = PBXResourcesBuildPhase;
			buildActionMask = 2147483647;
			files = (
				D5D0F67D23890DC600DA3169 /* LaunchScreen.storyboard in Resources */,
				D5D0F67A23890DC600DA3169 /* Assets.xcassets in Resources */,
				D5D0F67523890DC500DA3169 /* Main.storyboard in Resources */,
			);
			runOnlyForDeploymentPostprocessing = 0;
		};
/* End PBXResourcesBuildPhase section */

/* Begin PBXSourcesBuildPhase section */
		D5D0F66823890DC500DA3169 /* Sources */ = {
			isa = PBXSourcesBuildPhase;
			buildActionMask = 2147483647;
			files = (
				D5D0F67223890DC500DA3169 /* ViewController.swift in Sources */,
				D5D0F67823890DC500DA3169 /* StarStarDiary.xcdatamodeld in Sources */,
				D5D0F67023890DC500DA3169 /* AppDelegate.swift in Sources */,
			);
			runOnlyForDeploymentPostprocessing = 0;
		};
/* End PBXSourcesBuildPhase section */

/* Begin PBXVariantGroup section */
		D5D0F67323890DC500DA3169 /* Main.storyboard */ = {
			isa = PBXVariantGroup;
			children = (
				D5D0F67423890DC500DA3169 /* Base */,
			);
			name = Main.storyboard;
			sourceTree = "<group>";
		};
		D5D0F67B23890DC600DA3169 /* LaunchScreen.storyboard */ = {
			isa = PBXVariantGroup;
			children = (
				D5D0F67C23890DC600DA3169 /* Base */,
			);
			name = LaunchScreen.storyboard;
			sourceTree = "<group>";
		};
/* End PBXVariantGroup section */

/* Begin XCBuildConfiguration section */
		D5D0F67F23890DC600DA3169 /* Debug */ = {
			isa = XCBuildConfiguration;
			buildSettings = {
				ALWAYS_SEARCH_USER_PATHS = NO;
				CLANG_ANALYZER_NONNULL = YES;
				CLANG_ANALYZER_NUMBER_OBJECT_CONVERSION = YES_AGGRESSIVE;
				CLANG_CXX_LANGUAGE_STANDARD = "gnu++14";
				CLANG_CXX_LIBRARY = "libc++";
				CLANG_ENABLE_MODULES = YES;
				CLANG_ENABLE_OBJC_ARC = YES;
				CLANG_ENABLE_OBJC_WEAK = YES;
				CLANG_WARN_BLOCK_CAPTURE_AUTORELEASING = YES;
				CLANG_WARN_BOOL_CONVERSION = YES;
				CLANG_WARN_COMMA = YES;
				CLANG_WARN_CONSTANT_CONVERSION = YES;
				CLANG_WARN_DEPRECATED_OBJC_IMPLEMENTATIONS = YES;
				CLANG_WARN_DIRECT_OBJC_ISA_USAGE = YES_ERROR;
				CLANG_WARN_DOCUMENTATION_COMMENTS = YES;
				CLANG_WARN_EMPTY_BODY = YES;
				CLANG_WARN_ENUM_CONVERSION = YES;
				CLANG_WARN_INFINITE_RECURSION = YES;
				CLANG_WARN_INT_CONVERSION = YES;
				CLANG_WARN_NON_LITERAL_NULL_CONVERSION = YES;
				CLANG_WARN_OBJC_IMPLICIT_RETAIN_SELF = YES;
				CLANG_WARN_OBJC_LITERAL_CONVERSION = YES;
				CLANG_WARN_OBJC_ROOT_CLASS = YES_ERROR;
				CLANG_WARN_RANGE_LOOP_ANALYSIS = YES;
				CLANG_WARN_STRICT_PROTOTYPES = YES;
				CLANG_WARN_SUSPICIOUS_MOVE = YES;
				CLANG_WARN_UNGUARDED_AVAILABILITY = YES_AGGRESSIVE;
				CLANG_WARN_UNREACHABLE_CODE = YES;
				CLANG_WARN__DUPLICATE_METHOD_MATCH = YES;
				CODE_SIGN_IDENTITY = "iPhone Developer";
				COPY_PHASE_STRIP = NO;
				DEBUG_INFORMATION_FORMAT = dwarf;
				ENABLE_STRICT_OBJC_MSGSEND = YES;
				ENABLE_TESTABILITY = YES;
				GCC_C_LANGUAGE_STANDARD = gnu11;
				GCC_DYNAMIC_NO_PIC = NO;
				GCC_NO_COMMON_BLOCKS = YES;
				GCC_OPTIMIZATION_LEVEL = 0;
				GCC_PREPROCESSOR_DEFINITIONS = (
					"DEBUG=1",
					"$(inherited)",
				);
				GCC_WARN_64_TO_32_BIT_CONVERSION = YES;
				GCC_WARN_ABOUT_RETURN_TYPE = YES_ERROR;
				GCC_WARN_UNDECLARED_SELECTOR = YES;
				GCC_WARN_UNINITIALIZED_AUTOS = YES_AGGRESSIVE;
				GCC_WARN_UNUSED_FUNCTION = YES;
				GCC_WARN_UNUSED_VARIABLE = YES;
				IPHONEOS_DEPLOYMENT_TARGET = 12.4;
				MTL_ENABLE_DEBUG_INFO = INCLUDE_SOURCE;
				MTL_FAST_MATH = YES;
				ONLY_ACTIVE_ARCH = YES;
				SDKROOT = iphoneos;
				SWIFT_ACTIVE_COMPILATION_CONDITIONS = DEBUG;
				SWIFT_OPTIMIZATION_LEVEL = "-Onone";
			};
			name = Debug;
		};
		D5D0F68023890DC600DA3169 /* Release */ = {
			isa = XCBuildConfiguration;
			buildSettings = {
				ALWAYS_SEARCH_USER_PATHS = NO;
				CLANG_ANALYZER_NONNULL = YES;
				CLANG_ANALYZER_NUMBER_OBJECT_CONVERSION = YES_AGGRESSIVE;
				CLANG_CXX_LANGUAGE_STANDARD = "gnu++14";
				CLANG_CXX_LIBRARY = "libc++";
				CLANG_ENABLE_MODULES = YES;
				CLANG_ENABLE_OBJC_ARC = YES;
				CLANG_ENABLE_OBJC_WEAK = YES;
				CLANG_WARN_BLOCK_CAPTURE_AUTORELEASING = YES;
				CLANG_WARN_BOOL_CONVERSION = YES;
				CLANG_WARN_COMMA = YES;
				CLANG_WARN_CONSTANT_CONVERSION = YES;
				CLANG_WARN_DEPRECATED_OBJC_IMPLEMENTATIONS = YES;
				CLANG_WARN_DIRECT_OBJC_ISA_USAGE = YES_ERROR;
				CLANG_WARN_DOCUMENTATION_COMMENTS = YES;
				CLANG_WARN_EMPTY_BODY = YES;
				CLANG_WARN_ENUM_CONVERSION = YES;
				CLANG_WARN_INFINITE_RECURSION = YES;
				CLANG_WARN_INT_CONVERSION = YES;
				CLANG_WARN_NON_LITERAL_NULL_CONVERSION = YES;
				CLANG_WARN_OBJC_IMPLICIT_RETAIN_SELF = YES;
				CLANG_WARN_OBJC_LITERAL_CONVERSION = YES;
				CLANG_WARN_OBJC_ROOT_CLASS = YES_ERROR;
				CLANG_WARN_RANGE_LOOP_ANALYSIS = YES;
				CLANG_WARN_STRICT_PROTOTYPES = YES;
				CLANG_WARN_SUSPICIOUS_MOVE = YES;
				CLANG_WARN_UNGUARDED_AVAILABILITY = YES_AGGRESSIVE;
				CLANG_WARN_UNREACHABLE_CODE = YES;
				CLANG_WARN__DUPLICATE_METHOD_MATCH = YES;
				CODE_SIGN_IDENTITY = "iPhone Developer";
				COPY_PHASE_STRIP = NO;
				DEBUG_INFORMATION_FORMAT = "dwarf-with-dsym";
				ENABLE_NS_ASSERTIONS = NO;
				ENABLE_STRICT_OBJC_MSGSEND = YES;
				GCC_C_LANGUAGE_STANDARD = gnu11;
				GCC_NO_COMMON_BLOCKS = YES;
				GCC_WARN_64_TO_32_BIT_CONVERSION = YES;
				GCC_WARN_ABOUT_RETURN_TYPE = YES_ERROR;
				GCC_WARN_UNDECLARED_SELECTOR = YES;
				GCC_WARN_UNINITIALIZED_AUTOS = YES_AGGRESSIVE;
				GCC_WARN_UNUSED_FUNCTION = YES;
				GCC_WARN_UNUSED_VARIABLE = YES;
				IPHONEOS_DEPLOYMENT_TARGET = 12.4;
				MTL_ENABLE_DEBUG_INFO = NO;
				MTL_FAST_MATH = YES;
				SDKROOT = iphoneos;
				SWIFT_COMPILATION_MODE = wholemodule;
				SWIFT_OPTIMIZATION_LEVEL = "-O";
				VALIDATE_PRODUCT = YES;
			};
			name = Release;
		};
		D5D0F68223890DC600DA3169 /* Debug */ = {
			isa = XCBuildConfiguration;
			buildSettings = {
				ASSETCATALOG_COMPILER_APPICON_NAME = AppIcon;
				CODE_SIGN_STYLE = Manual;
				DEVELOPMENT_TEAM = "";
				INFOPLIST_FILE = StarStarDiary/Info.plist;
				LD_RUNPATH_SEARCH_PATHS = (
					"$(inherited)",
					"@executable_path/Frameworks",
				);
				PRODUCT_BUNDLE_IDENTIFIER = "com.mash-up.StarStarDiary";
				PRODUCT_NAME = "$(TARGET_NAME)";
				PROVISIONING_PROFILE_SPECIFIER = "";
				SWIFT_VERSION = 5.0;
				TARGETED_DEVICE_FAMILY = "1,2";
			};
			name = Debug;
		};
		D5D0F68323890DC600DA3169 /* Release */ = {
			isa = XCBuildConfiguration;
			buildSettings = {
				ASSETCATALOG_COMPILER_APPICON_NAME = AppIcon;
				CODE_SIGN_STYLE = Manual;
				DEVELOPMENT_TEAM = "";
				INFOPLIST_FILE = StarStarDiary/Info.plist;
				LD_RUNPATH_SEARCH_PATHS = (
					"$(inherited)",
					"@executable_path/Frameworks",
				);
				PRODUCT_BUNDLE_IDENTIFIER = "com.mash-up.StarStarDiary";
				PRODUCT_NAME = "$(TARGET_NAME)";
				PROVISIONING_PROFILE_SPECIFIER = "";
				SWIFT_VERSION = 5.0;
				TARGETED_DEVICE_FAMILY = "1,2";
			};
			name = Release;
		};
/* End XCBuildConfiguration section */

/* Begin XCConfigurationList section */
		D5D0F66723890DC500DA3169 /* Build configuration list for PBXProject "StarStarDiary" */ = {
			isa = XCConfigurationList;
			buildConfigurations = (
				D5D0F67F23890DC600DA3169 /* Debug */,
				D5D0F68023890DC600DA3169 /* Release */,
			);
			defaultConfigurationIsVisible = 0;
			defaultConfigurationName = Release;
		};
		D5D0F68123890DC600DA3169 /* Build configuration list for PBXNativeTarget "StarStarDiary" */ = {
			isa = XCConfigurationList;
			buildConfigurations = (
				D5D0F68223890DC600DA3169 /* Debug */,
				D5D0F68323890DC600DA3169 /* Release */,
			);
			defaultConfigurationIsVisible = 0;
			defaultConfigurationName = Release;
		};
/* End XCConfigurationList section */

/* Begin XCVersionGroup section */
		D5D0F67623890DC500DA3169 /* StarStarDiary.xcdatamodeld */ = {
			isa = XCVersionGroup;
			children = (
				D5D0F67723890DC500DA3169 /* StarStarDiary.xcdatamodel */,
			);
			currentVersion = D5D0F67723890DC500DA3169 /* StarStarDiary.xcdatamodel */;
			path = StarStarDiary.xcdatamodeld;
			sourceTree = "<group>";
			versionGroupType = wrapper.xcdatamodel;
		};
/* End XCVersionGroup section */
	};
	rootObject = D5D0F66423890DC500DA3169 /* Project object */;
}
